// !$*UTF8*$!
{
	archiveVersion = 1;
	classes = {
	};
	objectVersion = 50;
	objects = {

/* Begin PBXBuildFile section */
		F0081BB5238C1F9A00B501F2 /* GoogleService-Info (1).plist in Resources */ = {isa = PBXBuildFile; fileRef = F0081BB4238C1F9A00B501F2 /* GoogleService-Info (1).plist */; };
		F01CF500238AFFFB0082C6DD /* AppDelegate.swift in Sources */ = {isa = PBXBuildFile; fileRef = F01CF4FF238AFFFB0082C6DD /* AppDelegate.swift */; };
		F01CF502238AFFFB0082C6DD /* SceneDelegate.swift in Sources */ = {isa = PBXBuildFile; fileRef = F01CF501238AFFFB0082C6DD /* SceneDelegate.swift */; };
		F01CF504238AFFFB0082C6DD /* ViewController.swift in Sources */ = {isa = PBXBuildFile; fileRef = F01CF503238AFFFB0082C6DD /* ViewController.swift */; };
		F01CF507238AFFFB0082C6DD /* Main.storyboard in Resources */ = {isa = PBXBuildFile; fileRef = F01CF505238AFFFB0082C6DD /* Main.storyboard */; };
		F01CF509238B00020082C6DD /* Assets.xcassets in Resources */ = {isa = PBXBuildFile; fileRef = F01CF508238B00020082C6DD /* Assets.xcassets */; };
		F01CF50C238B00020082C6DD /* LaunchScreen.storyboard in Resources */ = {isa = PBXBuildFile; fileRef = F01CF50A238B00020082C6DD /* LaunchScreen.storyboard */; };
		F01CF514238B002F0082C6DD /* TableViewController.swift in Sources */ = {isa = PBXBuildFile; fileRef = F01CF513238B002F0082C6DD /* TableViewController.swift */; };
/* End PBXBuildFile section */

/* Begin PBXFileReference section */
		F0081BB4238C1F9A00B501F2 /* GoogleService-Info (1).plist */ = {isa = PBXFileReference; fileEncoding = 4; lastKnownFileType = text.plist.xml; name = "GoogleService-Info (1).plist"; path = "../../../../Downloads/GoogleService-Info (1).plist"; sourceTree = "<group>"; };
		F01CF4FC238AFFFB0082C6DD /* UITableViewTemplate.app */ = {isa = PBXFileReference; explicitFileType = wrapper.application; includeInIndex = 0; path = UITableViewTemplate.app; sourceTree = BUILT_PRODUCTS_DIR; };
		F01CF4FF238AFFFB0082C6DD /* AppDelegate.swift */ = {isa = PBXFileReference; lastKnownFileType = sourcecode.swift; path = AppDelegate.swift; sourceTree = "<group>"; };
		F01CF501238AFFFB0082C6DD /* SceneDelegate.swift */ = {isa = PBXFileReference; lastKnownFileType = sourcecode.swift; path = SceneDelegate.swift; sourceTree = "<group>"; };
		F01CF503238AFFFB0082C6DD /* ViewController.swift */ = {isa = PBXFileReference; lastKnownFileType = sourcecode.swift; path = ViewController.swift; sourceTree = "<group>"; };
		F01CF506238AFFFB0082C6DD /* Base */ = {isa = PBXFileReference; lastKnownFileType = file.storyboard; name = Base; path = Base.lproj/Main.storyboard; sourceTree = "<group>"; };
		F01CF508238B00020082C6DD /* Assets.xcassets */ = {isa = PBXFileReference; lastKnownFileType = folder.assetcatalog; path = Assets.xcassets; sourceTree = "<group>"; };
		F01CF50B238B00020082C6DD /* Base */ = {isa = PBXFileReference; lastKnownFileType = file.storyboard; name = Base; path = Base.lproj/LaunchScreen.storyboard; sourceTree = "<group>"; };
		F01CF50D238B00020082C6DD /* Info.plist */ = {isa = PBXFileReference; lastKnownFileType = text.plist.xml; path = Info.plist; sourceTree = "<group>"; };
		F01CF513238B002F0082C6DD /* TableViewController.swift */ = {isa = PBXFileReference; lastKnownFileType = sourcecode.swift; path = TableViewController.swift; sourceTree = "<group>"; };
/* End PBXFileReference section */

/* Begin PBXFrameworksBuildPhase section */
		F01CF4F9238AFFFB0082C6DD /* Frameworks */ = {
			isa = PBXFrameworksBuildPhase;
			buildActionMask = 2147483647;
			files = (
			);
			runOnlyForDeploymentPostprocessing = 0;
		};
/* End PBXFrameworksBuildPhase section */

/* Begin PBXGroup section */
		F01CF4F3238AFFFB0082C6DD = {
			isa = PBXGroup;
			children = (
				F01CF4FE238AFFFB0082C6DD /* UITableViewTemplate */,
				F01CF4FD238AFFFB0082C6DD /* Products */,
			);
			sourceTree = "<group>";
		};
		F01CF4FD238AFFFB0082C6DD /* Products */ = {
			isa = PBXGroup;
			children = (
				F01CF4FC238AFFFB0082C6DD /* UITableViewTemplate.app */,
			);
			name = Products;
			sourceTree = "<group>";
		};
		F01CF4FE238AFFFB0082C6DD /* UITableViewTemplate */ = {
			isa = PBXGroup;
			children = (
				F0081BB4238C1F9A00B501F2 /* GoogleService-Info (1).plist */,
				F01CF4FF238AFFFB0082C6DD /* AppDelegate.swift */,
				F01CF501238AFFFB0082C6DD /* SceneDelegate.swift */,
				F01CF503238AFFFB0082C6DD /* ViewController.swift */,
				F01CF505238AFFFB0082C6DD /* Main.storyboard */,
				F01CF508238B00020082C6DD /* Assets.xcassets */,
				F01CF50A238B00020082C6DD /* LaunchScreen.storyboard */,
				F01CF50D238B00020082C6DD /* Info.plist */,
				F01CF513238B002F0082C6DD /* TableViewController.swift */,
			);
			path = UITableViewTemplate;
			sourceTree = "<group>";
		};
/* End PBXGroup section */

/* Begin PBXNativeTarget section */
		F01CF4FB238AFFFB0082C6DD /* UITableViewTemplate */ = {
			isa = PBXNativeTarget;
			buildConfigurationList = F01CF510238B00020082C6DD /* Build configuration list for PBXNativeTarget "UITableViewTemplate" */;
			buildPhases = (
				F01CF4F8238AFFFB0082C6DD /* Sources */,
				F01CF4F9238AFFFB0082C6DD /* Frameworks */,
				F01CF4FA238AFFFB0082C6DD /* Resources */,
			);
			buildRules = (
			);
			dependencies = (
			);
			name = UITableViewTemplate;
			productName = UITableViewTemplate;
			productReference = F01CF4FC238AFFFB0082C6DD /* UITableViewTemplate.app */;
			productType = "com.apple.product-type.application";
		};
/* End PBXNativeTarget section */

/* Begin PBXProject section */
		F01CF4F4238AFFFB0082C6DD /* Project object */ = {
			isa = PBXProject;
			attributes = {
				LastSwiftUpdateCheck = 1100;
				LastUpgradeCheck = 1100;
				ORGANIZATIONNAME = "Paola Latino";
				TargetAttributes = {
					F01CF4FB238AFFFB0082C6DD = {
						CreatedOnToolsVersion = 11.0;
					};
				};
			};
			buildConfigurationList = F01CF4F7238AFFFB0082C6DD /* Build configuration list for PBXProject "UITableViewTemplate" */;
			compatibilityVersion = "Xcode 9.3";
			developmentRegion = en;
			hasScannedForEncodings = 0;
			knownRegions = (
				en,
				Base,
			);
			mainGroup = F01CF4F3238AFFFB0082C6DD;
			productRefGroup = F01CF4FD238AFFFB0082C6DD /* Products */;
			projectDirPath = "";
			projectRoot = "";
			targets = (
				F01CF4FB238AFFFB0082C6DD /* UITableViewTemplate */,
			);
		};
/* End PBXProject section */

/* Begin PBXResourcesBuildPhase section */
		F01CF4FA238AFFFB0082C6DD /* Resources */ = {
			isa = PBXResourcesBuildPhase;
			buildActionMask = 2147483647;
			files = (
				F01CF50C238B00020082C6DD /* LaunchScreen.storyboard in Resources */,
				F01CF509238B00020082C6DD /* Assets.xcassets in Resources */,
				F01CF507238AFFFB0082C6DD /* Main.storyboard in Resources */,
				F0081BB5238C1F9A00B501F2 /* GoogleService-Info (1).plist in Resources */,
			);
			runOnlyForDeploymentPostprocessing = 0;
		};
/* End PBXResourcesBuildPhase section */

/* Begin PBXSourcesBuildPhase section */
		F01CF4F8238AFFFB0082C6DD /* Sources */ = {
			isa = PBXSourcesBuildPhase;
			buildActionMask = 2147483647;
			files = (
				F01CF504238AFFFB0082C6DD /* ViewController.swift in Sources */,
				F01CF500238AFFFB0082C6DD /* AppDelegate.swift in Sources */,
				F01CF502238AFFFB0082C6DD /* SceneDelegate.swift in Sources */,
				F01CF514238B002F0082C6DD /* TableViewController.swift in Sources */,
			);
			runOnlyForDeploymentPostprocessing = 0;
		};
/* End PBXSourcesBuildPhase section */

/* Begin PBXVariantGroup section */
		F01CF505238AFFFB0082C6DD /* Main.storyboard */ = {
			isa = PBXVariantGroup;
			children = (
				F01CF506238AFFFB0082C6DD /* Base */,
			);
			name = Main.storyboard;
			sourceTree = "<group>";
		};
		F01CF50A238B00020082C6DD /* LaunchScreen.storyboard */ = {
			isa = PBXVariantGroup;
			children = (
				F01CF50B238B00020082C6DD /* Base */,
			);
			name = LaunchScreen.storyboard;
			sourceTree = "<group>";
		};
/* End PBXVariantGroup section */

/* Begin XCBuildConfiguration section */
		F01CF50E238B00020082C6DD /* Debug */ = {
			isa = XCBuildConfiguration;
			buildSettings = {
				ALWAYS_SEARCH_USER_PATHS = NO;
				CLANG_ANALYZER_NONNULL = YES;
				CLANG_ANALYZER_NUMBER_OBJECT_CONVERSION = YES_AGGRESSIVE;
				CLANG_CXX_LANGUAGE_STANDARD = "gnu++14";
				CLANG_CXX_LIBRARY = "libc++";
				CLANG_ENABLE_MODULES = YES;
				CLANG_ENABLE_OBJC_ARC = YES;
				CLANG_ENABLE_OBJC_WEAK = YES;
				CLANG_WARN_BLOCK_CAPTURE_AUTORELEASING = YES;
				CLANG_WARN_BOOL_CONVERSION = YES;
				CLANG_WARN_COMMA = YES;
				CLANG_WARN_CONSTANT_CONVERSION = YES;
				CLANG_WARN_DEPRECATED_OBJC_IMPLEMENTATIONS = YES;
				CLANG_WARN_DIRECT_OBJC_ISA_USAGE = YES_ERROR;
				CLANG_WARN_DOCUMENTATION_COMMENTS = YES;
				CLANG_WARN_EMPTY_BODY = YES;
				CLANG_WARN_ENUM_CONVERSION = YES;
				CLANG_WARN_INFINITE_RECURSION = YES;
				CLANG_WARN_INT_CONVERSION = YES;
				CLANG_WARN_NON_LITERAL_NULL_CONVERSION = YES;
				CLANG_WARN_OBJC_IMPLICIT_RETAIN_SELF = YES;
				CLANG_WARN_OBJC_LITERAL_CONVERSION = YES;
				CLANG_WARN_OBJC_ROOT_CLASS = YES_ERROR;
				CLANG_WARN_RANGE_LOOP_ANALYSIS = YES;
				CLANG_WARN_STRICT_PROTOTYPES = YES;
				CLANG_WARN_SUSPICIOUS_MOVE = YES;
				CLANG_WARN_UNGUARDED_AVAILABILITY = YES_AGGRESSIVE;
				CLANG_WARN_UNREACHABLE_CODE = YES;
				CLANG_WARN__DUPLICATE_METHOD_MATCH = YES;
				COPY_PHASE_STRIP = NO;
				DEBUG_INFORMATION_FORMAT = dwarf;
				ENABLE_STRICT_OBJC_MSGSEND = YES;
				ENABLE_TESTABILITY = YES;
				GCC_C_LANGUAGE_STANDARD = gnu11;
				GCC_DYNAMIC_NO_PIC = NO;
				GCC_NO_COMMON_BLOCKS = YES;
				GCC_OPTIMIZATION_LEVEL = 0;
				GCC_PREPROCESSOR_DEFINITIONS = (
					"DEBUG=1",
					"$(inherited)",
				);
				GCC_WARN_64_TO_32_BIT_CONVERSION = YES;
				GCC_WARN_ABOUT_RETURN_TYPE = YES_ERROR;
				GCC_WARN_UNDECLARED_SELECTOR = YES;
				GCC_WARN_UNINITIALIZED_AUTOS = YES_AGGRESSIVE;
				GCC_WARN_UNUSED_FUNCTION = YES;
				GCC_WARN_UNUSED_VARIABLE = YES;
				IPHONEOS_DEPLOYMENT_TARGET = 13.0;
				MTL_ENABLE_DEBUG_INFO = INCLUDE_SOURCE;
				MTL_FAST_MATH = YES;
				ONLY_ACTIVE_ARCH = YES;
				SDKROOT = iphoneos;
				SWIFT_ACTIVE_COMPILATION_CONDITIONS = DEBUG;
				SWIFT_OPTIMIZATION_LEVEL = "-Onone";
			};
			name = Debug;
		};
		F01CF50F238B00020082C6DD /* Release */ = {
			isa = XCBuildConfiguration;
			buildSettings = {
				ALWAYS_SEARCH_USER_PATHS = NO;
				CLANG_ANALYZER_NONNULL = YES;
				CLANG_ANALYZER_NUMBER_OBJECT_CONVERSION = YES_AGGRESSIVE;
				CLANG_CXX_LANGUAGE_STANDARD = "gnu++14";
				CLANG_CXX_LIBRARY = "libc++";
				CLANG_ENABLE_MODULES = YES;
				CLANG_ENABLE_OBJC_ARC = YES;
				CLANG_ENABLE_OBJC_WEAK = YES;
				CLANG_WARN_BLOCK_CAPTURE_AUTORELEASING = YES;
				CLANG_WARN_BOOL_CONVERSION = YES;
				CLANG_WARN_COMMA = YES;
				CLANG_WARN_CONSTANT_CONVERSION = YES;
				CLANG_WARN_DEPRECATED_OBJC_IMPLEMENTATIONS = YES;
				CLANG_WARN_DIRECT_OBJC_ISA_USAGE = YES_ERROR;
				CLANG_WARN_DOCUMENTATION_COMMENTS = YES;
				CLANG_WARN_EMPTY_BODY = YES;
				CLANG_WARN_ENUM_CONVERSION = YES;
				CLANG_WARN_INFINITE_RECURSION = YES;
				CLANG_WARN_INT_CONVERSION = YES;
				CLANG_WARN_NON_LITERAL_NULL_CONVERSION = YES;
				CLANG_WARN_OBJC_IMPLICIT_RETAIN_SELF = YES;
				CLANG_WARN_OBJC_LITERAL_CONVERSION = YES;
				CLANG_WARN_OBJC_ROOT_CLASS = YES_ERROR;
				CLANG_WARN_RANGE_LOOP_ANALYSIS = YES;
				CLANG_WARN_STRICT_PROTOTYPES = YES;
				CLANG_WARN_SUSPICIOUS_MOVE = YES;
				CLANG_WARN_UNGUARDED_AVAILABILITY = YES_AGGRESSIVE;
				CLANG_WARN_UNREACHABLE_CODE = YES;
				CLANG_WARN__DUPLICATE_METHOD_MATCH = YES;
				COPY_PHASE_STRIP = NO;
				DEBUG_INFORMATION_FORMAT = "dwarf-with-dsym";
				ENABLE_NS_ASSERTIONS = NO;
				ENABLE_STRICT_OBJC_MSGSEND = YES;
				GCC_C_LANGUAGE_STANDARD = gnu11;
				GCC_NO_COMMON_BLOCKS = YES;
				GCC_WARN_64_TO_32_BIT_CONVERSION = YES;
				GCC_WARN_ABOUT_RETURN_TYPE = YES_ERROR;
				GCC_WARN_UNDECLARED_SELECTOR = YES;
				GCC_WARN_UNINITIALIZED_AUTOS = YES_AGGRESSIVE;
				GCC_WARN_UNUSED_FUNCTION = YES;
				GCC_WARN_UNUSED_VARIABLE = YES;
				IPHONEOS_DEPLOYMENT_TARGET = 13.0;
				MTL_ENABLE_DEBUG_INFO = NO;
				MTL_FAST_MATH = YES;
				SDKROOT = iphoneos;
				SWIFT_COMPILATION_MODE = wholemodule;
				SWIFT_OPTIMIZATION_LEVEL = "-O";
				VALIDATE_PRODUCT = YES;
			};
			name = Release;
		};
		F01CF511238B00020082C6DD /* Debug */ = {
			isa = XCBuildConfiguration;
			buildSettings = {
				ASSETCATALOG_COMPILER_APPICON_NAME = AppIcon;
				CODE_SIGN_STYLE = Automatic;
				DEVELOPMENT_TEAM = JSGMYVQ69Q;
				INFOPLIST_FILE = UITableViewTemplate/Info.plist;
				LD_RUNPATH_SEARCH_PATHS = (
					"$(inherited)",
					"@executable_path/Frameworks",
				);
				PRODUCT_BUNDLE_IDENTIFIER = com.wildproductions.reciclapp;
				PRODUCT_NAME = "$(TARGET_NAME)";
				SWIFT_VERSION = 5.0;
				TARGETED_DEVICE_FAMILY = "1,2";
			};
			name = Debug;
		};
		F01CF512238B00020082C6DD /* Release */ = {
			isa = XCBuildConfiguration;
			buildSettings = {
				ASSETCATALOG_COMPILER_APPICON_NAME = AppIcon;
				CODE_SIGN_STYLE = Automatic;
				DEVELOPMENT_TEAM = JSGMYVQ69Q;
				INFOPLIST_FILE = UITableViewTemplate/Info.plist;
				LD_RUNPATH_SEARCH_PATHS = (
					"$(inherited)",
					"@executable_path/Frameworks",
				);
				PRODUCT_BUNDLE_IDENTIFIER = com.wildproductions.reciclapp;
				PRODUCT_NAME = "$(TARGET_NAME)";
				SWIFT_VERSION = 5.0;
				TARGETED_DEVICE_FAMILY = "1,2";
			};
			name = Release;
		};
/* End XCBuildConfiguration section */

/* Begin XCConfigurationList section */
		F01CF4F7238AFFFB0082C6DD /* Build configuration list for PBXProject "UITableViewTemplate" */ = {
			isa = XCConfigurationList;
			buildConfigurations = (
				F01CF50E238B00020082C6DD /* Debug */,
				F01CF50F238B00020082C6DD /* Release */,
			);
			defaultConfigurationIsVisible = 0;
			defaultConfigurationName = Release;
		};
		F01CF510238B00020082C6DD /* Build configuration list for PBXNativeTarget "UITableViewTemplate" */ = {
			isa = XCConfigurationList;
			buildConfigurations = (
				F01CF511238B00020082C6DD /* Debug */,
				F01CF512238B00020082C6DD /* Release */,
			);
			defaultConfigurationIsVisible = 0;
			defaultConfigurationName = Release;
		};
/* End XCConfigurationList section */
	};
	rootObject = F01CF4F4238AFFFB0082C6DD /* Project object */;
}
